
Microsoft Visual Studio Solution File, Format Version 12.00
# Visual Studio Version 17
VisualStudioVersion = 17.5.33627.172
MinimumVisualStudioVersion = 10.0.40219.1
Project("{FAE04EC0-301F-11D3-BF4B-00C04F79EFBC}") = "proekt zavurshvane  11d", "proekt zavurshvane  11d\proekt zavurshvane  11d.csproj", "{D616C834-1E23-4914-B9C5-4510DB095558}"
EndProject
Global
	GlobalSection(SolutionConfigurationPlatforms) = preSolution
		Debug|Any CPU = Debug|Any CPU
		Release|Any CPU = Release|Any CPU
	EndGlobalSection
	GlobalSection(ProjectConfigurationPlatforms) = postSolution
		{D616C834-1E23-4914-B9C5-4510DB095558}.Debug|Any CPU.ActiveCfg = Debug|Any CPU
		{D616C834-1E23-4914-B9C5-4510DB095558}.Debug|Any CPU.Build.0 = Debug|Any CPU
		{D616C834-1E23-4914-B9C5-4510DB095558}.Release|Any CPU.ActiveCfg = Release|Any CPU
		{D616C834-1E23-4914-B9C5-4510DB095558}.Release|Any CPU.Build.0 = Release|Any CPU
	EndGlobalSection
	GlobalSection(SolutionProperties) = preSolution
		HideSolutionNode = FALSE
	EndGlobalSection
	GlobalSection(ExtensibilityGlobals) = postSolution
		SolutionGuid = {5D5C4C1B-2D71-4BD6-BEA4-19A46B614635}
	EndGlobalSection
EndGlobal
